
Microsoft Visual Studio Solution File, Format Version 12.00
# Visual Studio Version 17
VisualStudioVersion = 17.11.35327.3
MinimumVisualStudioVersion = 10.0.40219.1
Project("{FAE04EC0-301F-11D3-BF4B-00C04F79EFBC}") = "UniStudentInfo", "UniStudentInfo\UniStudentInfo.csproj", "{03968C20-B997-457B-9EE8-396E08A31343}"
EndProject
Global
	GlobalSection(SolutionConfigurationPlatforms) = preSolution
		Debug|Any CPU = Debug|Any CPU
		Release|Any CPU = Release|Any CPU
	EndGlobalSection
	GlobalSection(ProjectConfigurationPlatforms) = postSolution
		{03968C20-B997-457B-9EE8-396E08A31343}.Debug|Any CPU.ActiveCfg = Debug|Any CPU
		{03968C20-B997-457B-9EE8-396E08A31343}.Debug|Any CPU.Build.0 = Debug|Any CPU
		{03968C20-B997-457B-9EE8-396E08A31343}.Release|Any CPU.ActiveCfg = Release|Any CPU
		{03968C20-B997-457B-9EE8-396E08A31343}.Release|Any CPU.Build.0 = Release|Any CPU
	EndGlobalSection
	GlobalSection(SolutionProperties) = preSolution
		HideSolutionNode = FALSE
	EndGlobalSection
	GlobalSection(ExtensibilityGlobals) = postSolution
		SolutionGuid = {F6330EDF-FE20-4594-AC5F-5D6AF0D5031C}
	EndGlobalSection
EndGlobal
